
Microsoft Visual Studio Solution File, Format Version 12.00
# Visual Studio 15
VisualStudioVersion = 15.0.28307.1913
MinimumVisualStudioVersion = 10.0.40219.1
Project("{888888A0-9F3D-457C-B088-3A5042F75D52}") = "Monitor_system_V2.0", "Monitor_system_V2.0\Monitor_system_V2.0.pyproj", "{9E0ED7DF-E470-4BCD-A58B-33F3C5B650EB}"
EndProject
Global
	GlobalSection(SolutionConfigurationPlatforms) = preSolution
		Debug|Any CPU = Debug|Any CPU
		Release|Any CPU = Release|Any CPU
	EndGlobalSection
	GlobalSection(ProjectConfigurationPlatforms) = postSolution
		{9E0ED7DF-E470-4BCD-A58B-33F3C5B650EB}.Debug|Any CPU.ActiveCfg = Debug|Any CPU
		{9E0ED7DF-E470-4BCD-A58B-33F3C5B650EB}.Release|Any CPU.ActiveCfg = Release|Any CPU
	EndGlobalSection
	GlobalSection(SolutionProperties) = preSolution
		HideSolutionNode = FALSE
	EndGlobalSection
	GlobalSection(ExtensibilityGlobals) = postSolution
		SolutionGuid = {A73E3AF3-AA02-477D-9C02-116F459D5BCA}
	EndGlobalSection
EndGlobal
